{
  "name": "embedded-debug-server",
  "version": "1.0.0",
  "lockfileVersion": 1,
  "requires": true,
  "dependencies": {
    "@actualwave/closure-value": {
      "version": "0.0.3",
      "resolved": "https://registry.npmjs.org/@actualwave/closure-value/-/closure-value-0.0.3.tgz",
      "integrity": "sha512-BVzIzQo391gIqKill7iRebbEHNGhStP6D4GRHOQoZ+GbJl7XXIV+C/kG1eUjoIOo7sEWdH5QaHUGSmoRckB7PA=="
    },
    "@actualwave/get-class": {
      "version": "0.0.4",
      "resolved": "https://registry.npmjs.org/@actualwave/get-class/-/get-class-0.0.4.tgz",
      "integrity": "sha512-5BLyXxeXB6o696X1dIebqIi6R+2lwS1nQVeG6+IsZ7bayRnD9tGlKvYlpcAyRAe6yYsZi3dirg/+CDICk/QV3g=="
    },
    "@actualwave/log-data-renderer": {
      "version": "0.0.10",
      "resolved": "https://registry.npmjs.org/@actualwave/log-data-renderer/-/log-data-renderer-0.0.10.tgz",
      "integrity": "sha512-4/e6uJoW8zBBHuomtGWuZ5KijoTzzK8/QO4NoyY2Gt46YGt/JAPtljjxlbaa1nc67avywIdXq1JMvhgiRm8gkA==",
      "requires": {
        "@actualwave/closure-value": "^0.0.3",
        "@actualwave/get-class": "^0.0.4"
      }
    }
  }
}
